
Microsoft Visual Studio Solution File, Format Version 12.00
# Visual Studio 2013
VisualStudioVersion = 12.0.31101.0
MinimumVisualStudioVersion = 10.0.40219.1
Project("{FAE04EC0-301F-11D3-BF4B-00C04F79EFBC}") = "indiv_Firm(ASP.NET Application)", "ASP.NET\indiv_Firm(ASP.NET Application).csproj", "{71DC6C66-BEE2-472C-8D92-ABC1022D5C52}"
EndProject
Project("{FAE04EC0-301F-11D3-BF4B-00C04F79EFBC}") = "indiv_Firm(Objects)", "Objects\indiv_Firm(Objects).csproj", "{E7200D70-B087-48CB-8A2C-101D77EC4115}"
EndProject
Global
	GlobalSection(SolutionConfigurationPlatforms) = preSolution
Debug|Any CPU = Debug|Any CPU
Release|Any CPU = Release|Any CPU
	EndGlobalSection
	GlobalSection(ProjectConfigurationPlatforms) = postSolution
		{71DC6C66-BEE2-472C-8D92-ABC1022D5C52}.Debug|Any CPU.ActiveCfg = Debug|Any CPU
		{71DC6C66-BEE2-472C-8D92-ABC1022D5C52}.Debug|Any CPU.Build.0 = Debug|Any CPU
		{71DC6C66-BEE2-472C-8D92-ABC1022D5C52}.Release|Any CPU.ActiveCfg = Release|Any CPU
		{71DC6C66-BEE2-472C-8D92-ABC1022D5C52}.Release|Any CPU.Build.0 = Release|Any CPU
		{E7200D70-B087-48CB-8A2C-101D77EC4115}.Debug|Any CPU.ActiveCfg = Debug|Any CPU
		{E7200D70-B087-48CB-8A2C-101D77EC4115}.Debug|Any CPU.Build.0 = Debug|Any CPU
		{E7200D70-B087-48CB-8A2C-101D77EC4115}.Release|Any CPU.ActiveCfg = Release|Any CPU
		{E7200D70-B087-48CB-8A2C-101D77EC4115}.Release|Any CPU.Build.0 = Release|Any CPU
	EndGlobalSection
	GlobalSection(SolutionProperties) = preSolution
		HideSolutionNode = FALSE
	EndGlobalSection
EndGlobal
