
Microsoft Visual Studio Solution File, Format Version 12.00
# Visual Studio 2013
VisualStudioVersion = 12.0.31101.0
MinimumVisualStudioVersion = 10.0.40219.1
Project("{FAE04EC0-301F-11D3-BF4B-00C04F79EFBC}") = "Авиакомпания(ASP.NET Application)", "ASP.NET\Авиакомпания(ASP.NET Application).csproj", "{9C2F298A-72FA-4AB3-8E89-688DD41DC4F1}"
EndProject
Project("{FAE04EC0-301F-11D3-BF4B-00C04F79EFBC}") = "Авиакомпания(Objects)", "Objects\Авиакомпания(Objects).csproj", "{661DE233-EE08-4C38-941A-FBC2ED22C39C}"
EndProject
Global
	GlobalSection(SolutionConfigurationPlatforms) = preSolution
Debug|Any CPU = Debug|Any CPU
Release|Any CPU = Release|Any CPU
	EndGlobalSection
	GlobalSection(ProjectConfigurationPlatforms) = postSolution
		{9C2F298A-72FA-4AB3-8E89-688DD41DC4F1}.Debug|Any CPU.ActiveCfg = Debug|Any CPU
		{9C2F298A-72FA-4AB3-8E89-688DD41DC4F1}.Debug|Any CPU.Build.0 = Debug|Any CPU
		{9C2F298A-72FA-4AB3-8E89-688DD41DC4F1}.Release|Any CPU.ActiveCfg = Release|Any CPU
		{9C2F298A-72FA-4AB3-8E89-688DD41DC4F1}.Release|Any CPU.Build.0 = Release|Any CPU
		{661DE233-EE08-4C38-941A-FBC2ED22C39C}.Debug|Any CPU.ActiveCfg = Debug|Any CPU
		{661DE233-EE08-4C38-941A-FBC2ED22C39C}.Debug|Any CPU.Build.0 = Debug|Any CPU
		{661DE233-EE08-4C38-941A-FBC2ED22C39C}.Release|Any CPU.ActiveCfg = Release|Any CPU
		{661DE233-EE08-4C38-941A-FBC2ED22C39C}.Release|Any CPU.Build.0 = Release|Any CPU
	EndGlobalSection
	GlobalSection(SolutionProperties) = preSolution
		HideSolutionNode = FALSE
	EndGlobalSection
EndGlobal
