
Microsoft Visual Studio Solution File, Format Version 12.00
# Visual Studio 14
VisualStudioVersion = 14.0.23107.0
MinimumVisualStudioVersion = 10.0.40219.1
Project("{FAE04EC0-301F-11D3-BF4B-00C04F79EFBC}") = "Individual work(ASP.NET Application)", "ASP.NET\Individual work(ASP.NET Application).csproj", "{256FC6E6-CA25-4E48-BC59-CC3385E3CC7B}"
EndProject
Project("{FAE04EC0-301F-11D3-BF4B-00C04F79EFBC}") = "Individual work(Objects)", "Objects\Individual work(Objects).csproj", "{9A2EFC8B-7517-471B-B3A4-8A5FC25FE312}"
EndProject
Global
	GlobalSection(SolutionConfigurationPlatforms) = preSolution
		Debug|Any CPU = Debug|Any CPU
		Release|Any CPU = Release|Any CPU
	EndGlobalSection
	GlobalSection(ProjectConfigurationPlatforms) = postSolution
		{256FC6E6-CA25-4E48-BC59-CC3385E3CC7B}.Debug|Any CPU.ActiveCfg = Debug|Any CPU
		{256FC6E6-CA25-4E48-BC59-CC3385E3CC7B}.Debug|Any CPU.Build.0 = Debug|Any CPU
		{256FC6E6-CA25-4E48-BC59-CC3385E3CC7B}.Release|Any CPU.ActiveCfg = Release|Any CPU
		{256FC6E6-CA25-4E48-BC59-CC3385E3CC7B}.Release|Any CPU.Build.0 = Release|Any CPU
		{9A2EFC8B-7517-471B-B3A4-8A5FC25FE312}.Debug|Any CPU.ActiveCfg = Debug|Any CPU
		{9A2EFC8B-7517-471B-B3A4-8A5FC25FE312}.Debug|Any CPU.Build.0 = Debug|Any CPU
		{9A2EFC8B-7517-471B-B3A4-8A5FC25FE312}.Release|Any CPU.ActiveCfg = Release|Any CPU
		{9A2EFC8B-7517-471B-B3A4-8A5FC25FE312}.Release|Any CPU.Build.0 = Release|Any CPU
	EndGlobalSection
	GlobalSection(SolutionProperties) = preSolution
		HideSolutionNode = FALSE
	EndGlobalSection
EndGlobal
