
Microsoft Visual Studio Solution File, Format Version 12.00
# Visual Studio 2013
VisualStudioVersion = 12.0.31101.0
MinimumVisualStudioVersion = 10.0.40219.1
Project("{FAE04EC0-301F-11D3-BF4B-00C04F79EFBC}") = "Склад(ASP.NET Application)", "ASP.NET\Склад(ASP.NET Application).csproj", "{F1391998-BD28-48CB-A9A7-9A9FDC32BCF1}"
EndProject
Project("{FAE04EC0-301F-11D3-BF4B-00C04F79EFBC}") = "Склад(Objects)", "Objects\Склад(Objects).csproj", "{8FC4A310-70D9-434D-9525-59A547C73EB8}"
EndProject
Global
	GlobalSection(SolutionConfigurationPlatforms) = preSolution
Debug|Any CPU = Debug|Any CPU
Release|Any CPU = Release|Any CPU
	EndGlobalSection
	GlobalSection(ProjectConfigurationPlatforms) = postSolution
		{F1391998-BD28-48CB-A9A7-9A9FDC32BCF1}.Debug|Any CPU.ActiveCfg = Debug|Any CPU
		{F1391998-BD28-48CB-A9A7-9A9FDC32BCF1}.Debug|Any CPU.Build.0 = Debug|Any CPU
		{F1391998-BD28-48CB-A9A7-9A9FDC32BCF1}.Release|Any CPU.ActiveCfg = Release|Any CPU
		{F1391998-BD28-48CB-A9A7-9A9FDC32BCF1}.Release|Any CPU.Build.0 = Release|Any CPU
		{8FC4A310-70D9-434D-9525-59A547C73EB8}.Debug|Any CPU.ActiveCfg = Debug|Any CPU
		{8FC4A310-70D9-434D-9525-59A547C73EB8}.Debug|Any CPU.Build.0 = Debug|Any CPU
		{8FC4A310-70D9-434D-9525-59A547C73EB8}.Release|Any CPU.ActiveCfg = Release|Any CPU
		{8FC4A310-70D9-434D-9525-59A547C73EB8}.Release|Any CPU.Build.0 = Release|Any CPU
	EndGlobalSection
	GlobalSection(SolutionProperties) = preSolution
		HideSolutionNode = FALSE
	EndGlobalSection
EndGlobal
