
Microsoft Visual Studio Solution File, Format Version 12.00
# Visual Studio 2013
VisualStudioVersion = 12.0.31101.0
MinimumVisualStudioVersion = 10.0.40219.1
Project("{FAE04EC0-301F-11D3-BF4B-00C04F79EFBC}") = "АСУ_Склад(ASP.NET Application)", "ASP.NET\АСУ_Склад(ASP.NET Application).csproj", "{C21EDEAE-C589-4C2E-A930-8A4CEB4892CA}"
EndProject
Project("{FAE04EC0-301F-11D3-BF4B-00C04F79EFBC}") = "АСУ_Склад(Objects)", "Objects\АСУ_Склад(Objects).csproj", "{F963D0FB-EFC5-4B0F-A806-D62506DE0B38}"
EndProject
Global
	GlobalSection(SolutionConfigurationPlatforms) = preSolution
Debug|Any CPU = Debug|Any CPU
Release|Any CPU = Release|Any CPU
	EndGlobalSection
	GlobalSection(ProjectConfigurationPlatforms) = postSolution
		{C21EDEAE-C589-4C2E-A930-8A4CEB4892CA}.Debug|Any CPU.ActiveCfg = Debug|Any CPU
		{C21EDEAE-C589-4C2E-A930-8A4CEB4892CA}.Debug|Any CPU.Build.0 = Debug|Any CPU
		{C21EDEAE-C589-4C2E-A930-8A4CEB4892CA}.Release|Any CPU.ActiveCfg = Release|Any CPU
		{C21EDEAE-C589-4C2E-A930-8A4CEB4892CA}.Release|Any CPU.Build.0 = Release|Any CPU
		{F963D0FB-EFC5-4B0F-A806-D62506DE0B38}.Debug|Any CPU.ActiveCfg = Debug|Any CPU
		{F963D0FB-EFC5-4B0F-A806-D62506DE0B38}.Debug|Any CPU.Build.0 = Debug|Any CPU
		{F963D0FB-EFC5-4B0F-A806-D62506DE0B38}.Release|Any CPU.ActiveCfg = Release|Any CPU
		{F963D0FB-EFC5-4B0F-A806-D62506DE0B38}.Release|Any CPU.Build.0 = Release|Any CPU
	EndGlobalSection
	GlobalSection(SolutionProperties) = preSolution
		HideSolutionNode = FALSE
	EndGlobalSection
EndGlobal
