
Microsoft Visual Studio Solution File, Format Version 12.00
# Visual Studio 2013
VisualStudioVersion = 12.0.31101.0
MinimumVisualStudioVersion = 10.0.40219.1
Project("{FAE04EC0-301F-11D3-BF4B-00C04F79EFBC}") = "Ippodrom(ASP.NET Application)", "ASP.NET\Ippodrom(ASP.NET Application).csproj", "{58A4E8B6-712A-400D-9BEC-C5C3CBA9F86D}"
EndProject
Project("{FAE04EC0-301F-11D3-BF4B-00C04F79EFBC}") = "Ippodrom(Objects)", "Objects\Ippodrom(Objects).csproj", "{570E3486-E69C-4E6C-BD01-7634BB4DB2CC}"
EndProject
Global
	GlobalSection(SolutionConfigurationPlatforms) = preSolution
Debug|Any CPU = Debug|Any CPU
Release|Any CPU = Release|Any CPU
	EndGlobalSection
	GlobalSection(ProjectConfigurationPlatforms) = postSolution
		{58A4E8B6-712A-400D-9BEC-C5C3CBA9F86D}.Debug|Any CPU.ActiveCfg = Debug|Any CPU
		{58A4E8B6-712A-400D-9BEC-C5C3CBA9F86D}.Debug|Any CPU.Build.0 = Debug|Any CPU
		{58A4E8B6-712A-400D-9BEC-C5C3CBA9F86D}.Release|Any CPU.ActiveCfg = Release|Any CPU
		{58A4E8B6-712A-400D-9BEC-C5C3CBA9F86D}.Release|Any CPU.Build.0 = Release|Any CPU
		{570E3486-E69C-4E6C-BD01-7634BB4DB2CC}.Debug|Any CPU.ActiveCfg = Debug|Any CPU
		{570E3486-E69C-4E6C-BD01-7634BB4DB2CC}.Debug|Any CPU.Build.0 = Debug|Any CPU
		{570E3486-E69C-4E6C-BD01-7634BB4DB2CC}.Release|Any CPU.ActiveCfg = Release|Any CPU
		{570E3486-E69C-4E6C-BD01-7634BB4DB2CC}.Release|Any CPU.Build.0 = Release|Any CPU
	EndGlobalSection
	GlobalSection(SolutionProperties) = preSolution
		HideSolutionNode = FALSE
	EndGlobalSection
EndGlobal
