
Microsoft Visual Studio Solution File, Format Version 12.00
# Visual Studio 2013
VisualStudioVersion = 12.0.31101.0
MinimumVisualStudioVersion = 10.0.40219.1
Project("{FAE04EC0-301F-11D3-BF4B-00C04F79EFBC}") = "Электронный Магазин(ASP.NET Application)", "ASP.NET\Электронный Магазин(ASP.NET Application).csproj", "{519B54CD-70BA-42C4-AA12-6DC8421CEA4E}"
EndProject
Project("{FAE04EC0-301F-11D3-BF4B-00C04F79EFBC}") = "Электронный Магазин(Objects)", "Objects\Электронный Магазин(Objects).csproj", "{70DE3B9C-3FE6-4DB6-B7E6-8ECE9C2D13CF}"
EndProject
Global
	GlobalSection(SolutionConfigurationPlatforms) = preSolution
Debug|Any CPU = Debug|Any CPU
Release|Any CPU = Release|Any CPU
	EndGlobalSection
	GlobalSection(ProjectConfigurationPlatforms) = postSolution
		{519B54CD-70BA-42C4-AA12-6DC8421CEA4E}.Debug|Any CPU.ActiveCfg = Debug|Any CPU
		{519B54CD-70BA-42C4-AA12-6DC8421CEA4E}.Debug|Any CPU.Build.0 = Debug|Any CPU
		{519B54CD-70BA-42C4-AA12-6DC8421CEA4E}.Release|Any CPU.ActiveCfg = Release|Any CPU
		{519B54CD-70BA-42C4-AA12-6DC8421CEA4E}.Release|Any CPU.Build.0 = Release|Any CPU
		{70DE3B9C-3FE6-4DB6-B7E6-8ECE9C2D13CF}.Debug|Any CPU.ActiveCfg = Debug|Any CPU
		{70DE3B9C-3FE6-4DB6-B7E6-8ECE9C2D13CF}.Debug|Any CPU.Build.0 = Debug|Any CPU
		{70DE3B9C-3FE6-4DB6-B7E6-8ECE9C2D13CF}.Release|Any CPU.ActiveCfg = Release|Any CPU
		{70DE3B9C-3FE6-4DB6-B7E6-8ECE9C2D13CF}.Release|Any CPU.Build.0 = Release|Any CPU
	EndGlobalSection
	GlobalSection(SolutionProperties) = preSolution
		HideSolutionNode = FALSE
	EndGlobalSection
EndGlobal
