
Microsoft Visual Studio Solution File, Format Version 12.00
# Visual Studio 2013
VisualStudioVersion = 12.0.31101.0
MinimumVisualStudioVersion = 10.0.40219.1
Project("{FAE04EC0-301F-11D3-BF4B-00C04F79EFBC}") = "АСУ_Склад(ASP.NET Application)", "ASP.NET\АСУ_Склад(ASP.NET Application).csproj", "{BFE464B1-95AE-4126-8335-71CADB2E4643}"
EndProject
Project("{FAE04EC0-301F-11D3-BF4B-00C04F79EFBC}") = "АСУ_Склад(Objects)", "Objects\АСУ_Склад(Objects).csproj", "{8E3E7E17-C75A-4BE8-849D-B45C1330C4D9}"
EndProject
Global
	GlobalSection(SolutionConfigurationPlatforms) = preSolution
Debug|Any CPU = Debug|Any CPU
Release|Any CPU = Release|Any CPU
	EndGlobalSection
	GlobalSection(ProjectConfigurationPlatforms) = postSolution
		{BFE464B1-95AE-4126-8335-71CADB2E4643}.Debug|Any CPU.ActiveCfg = Debug|Any CPU
		{BFE464B1-95AE-4126-8335-71CADB2E4643}.Debug|Any CPU.Build.0 = Debug|Any CPU
		{BFE464B1-95AE-4126-8335-71CADB2E4643}.Release|Any CPU.ActiveCfg = Release|Any CPU
		{BFE464B1-95AE-4126-8335-71CADB2E4643}.Release|Any CPU.Build.0 = Release|Any CPU
		{8E3E7E17-C75A-4BE8-849D-B45C1330C4D9}.Debug|Any CPU.ActiveCfg = Debug|Any CPU
		{8E3E7E17-C75A-4BE8-849D-B45C1330C4D9}.Debug|Any CPU.Build.0 = Debug|Any CPU
		{8E3E7E17-C75A-4BE8-849D-B45C1330C4D9}.Release|Any CPU.ActiveCfg = Release|Any CPU
		{8E3E7E17-C75A-4BE8-849D-B45C1330C4D9}.Release|Any CPU.Build.0 = Release|Any CPU
	EndGlobalSection
	GlobalSection(SolutionProperties) = preSolution
		HideSolutionNode = FALSE
	EndGlobalSection
EndGlobal
