
Microsoft Visual Studio Solution File, Format Version 12.00
# Visual Studio 2013
VisualStudioVersion = 12.0.31101.0
MinimumVisualStudioVersion = 10.0.40219.1
Project("{FAE04EC0-301F-11D3-BF4B-00C04F79EFBC}") = "Горводоканал(ASP.NET Application)", "ASP.NET\Горводоканал(ASP.NET Application).csproj", "{F7C45A70-F81F-46F1-9DCE-97AB27BB2D65}"
EndProject
Project("{FAE04EC0-301F-11D3-BF4B-00C04F79EFBC}") = "Горводоканал(BusinessServers)", "BusinessServers\Горводоканал(BusinessServers).csproj", "{D36906F5-9370-4D1D-A73C-8DFC58B9199F}"
EndProject
Project("{FAE04EC0-301F-11D3-BF4B-00C04F79EFBC}") = "Горводоканал(BusinessServersBF)", "BusinessServersBF\Горводоканал(BusinessServersBF).csproj", "{64682EF9-2E5B-4DCF-ADB6-E454AE2A6730}"
EndProject
Project("{FAE04EC0-301F-11D3-BF4B-00C04F79EFBC}") = "Горводоканал(Objects)", "Objects\Горводоканал(Objects).csproj", "{89F29CBC-5D3A-431B-80E6-9C046C2A1947}"
EndProject
Global
	GlobalSection(SolutionConfigurationPlatforms) = preSolution
Debug|Any CPU = Debug|Any CPU
Release|Any CPU = Release|Any CPU
	EndGlobalSection
	GlobalSection(ProjectConfigurationPlatforms) = postSolution
		{F7C45A70-F81F-46F1-9DCE-97AB27BB2D65}.Debug|Any CPU.ActiveCfg = Debug|Any CPU
		{F7C45A70-F81F-46F1-9DCE-97AB27BB2D65}.Debug|Any CPU.Build.0 = Debug|Any CPU
		{F7C45A70-F81F-46F1-9DCE-97AB27BB2D65}.Release|Any CPU.ActiveCfg = Release|Any CPU
		{F7C45A70-F81F-46F1-9DCE-97AB27BB2D65}.Release|Any CPU.Build.0 = Release|Any CPU
		{D36906F5-9370-4D1D-A73C-8DFC58B9199F}.Debug|Any CPU.ActiveCfg = Debug|Any CPU
		{D36906F5-9370-4D1D-A73C-8DFC58B9199F}.Debug|Any CPU.Build.0 = Debug|Any CPU
		{D36906F5-9370-4D1D-A73C-8DFC58B9199F}.Release|Any CPU.ActiveCfg = Release|Any CPU
		{D36906F5-9370-4D1D-A73C-8DFC58B9199F}.Release|Any CPU.Build.0 = Release|Any CPU
		{64682EF9-2E5B-4DCF-ADB6-E454AE2A6730}.Debug|Any CPU.ActiveCfg = Debug|Any CPU
		{64682EF9-2E5B-4DCF-ADB6-E454AE2A6730}.Debug|Any CPU.Build.0 = Debug|Any CPU
		{64682EF9-2E5B-4DCF-ADB6-E454AE2A6730}.Release|Any CPU.ActiveCfg = Release|Any CPU
		{64682EF9-2E5B-4DCF-ADB6-E454AE2A6730}.Release|Any CPU.Build.0 = Release|Any CPU
		{89F29CBC-5D3A-431B-80E6-9C046C2A1947}.Debug|Any CPU.ActiveCfg = Debug|Any CPU
		{89F29CBC-5D3A-431B-80E6-9C046C2A1947}.Debug|Any CPU.Build.0 = Debug|Any CPU
		{89F29CBC-5D3A-431B-80E6-9C046C2A1947}.Release|Any CPU.ActiveCfg = Release|Any CPU
		{89F29CBC-5D3A-431B-80E6-9C046C2A1947}.Release|Any CPU.Build.0 = Release|Any CPU
	EndGlobalSection
	GlobalSection(SolutionProperties) = preSolution
		HideSolutionNode = FALSE
	EndGlobalSection
EndGlobal
