
Microsoft Visual Studio Solution File, Format Version 12.00
# Visual Studio 2013
VisualStudioVersion = 12.0.31101.0
MinimumVisualStudioVersion = 10.0.40219.1
Project("{FAE04EC0-301F-11D3-BF4B-00C04F79EFBC}") = "АСУ_Склад(ASP.NET Application)", "ASP.NET\АСУ_Склад(ASP.NET Application).csproj", "{40C3F8F0-DE52-4072-BC96-EB9C730ED45F}"
EndProject
Project("{FAE04EC0-301F-11D3-BF4B-00C04F79EFBC}") = "АСУ_Склад(Objects)", "Objects\АСУ_Склад(Objects).csproj", "{D6C7398D-454A-4BCF-87A7-559A95180396}"
EndProject
Global
	GlobalSection(SolutionConfigurationPlatforms) = preSolution
Debug|Any CPU = Debug|Any CPU
Release|Any CPU = Release|Any CPU
	EndGlobalSection
	GlobalSection(ProjectConfigurationPlatforms) = postSolution
		{40C3F8F0-DE52-4072-BC96-EB9C730ED45F}.Debug|Any CPU.ActiveCfg = Debug|Any CPU
		{40C3F8F0-DE52-4072-BC96-EB9C730ED45F}.Debug|Any CPU.Build.0 = Debug|Any CPU
		{40C3F8F0-DE52-4072-BC96-EB9C730ED45F}.Release|Any CPU.ActiveCfg = Release|Any CPU
		{40C3F8F0-DE52-4072-BC96-EB9C730ED45F}.Release|Any CPU.Build.0 = Release|Any CPU
		{D6C7398D-454A-4BCF-87A7-559A95180396}.Debug|Any CPU.ActiveCfg = Debug|Any CPU
		{D6C7398D-454A-4BCF-87A7-559A95180396}.Debug|Any CPU.Build.0 = Debug|Any CPU
		{D6C7398D-454A-4BCF-87A7-559A95180396}.Release|Any CPU.ActiveCfg = Release|Any CPU
		{D6C7398D-454A-4BCF-87A7-559A95180396}.Release|Any CPU.Build.0 = Release|Any CPU
	EndGlobalSection
	GlobalSection(SolutionProperties) = preSolution
		HideSolutionNode = FALSE
	EndGlobalSection
EndGlobal
